
Microsoft Visual Studio Solution File, Format Version 12.00
# Visual Studio Version 16
VisualStudioVersion = 16.0.30523.141
MinimumVisualStudioVersion = 10.0.40219.1
Project("{FAE04EC0-301F-11D3-BF4B-00C04F79EFBC}") = "WebApplication3", "WebApplication3\WebApplication3.csproj", "{A5BC013B-263D-40BC-979C-D7454109FCDC}"
EndProject
Global
	GlobalSection(SolutionConfigurationPlatforms) = preSolution
		Debug|Any CPU = Debug|Any CPU
		Release|Any CPU = Release|Any CPU
	EndGlobalSection
	GlobalSection(ProjectConfigurationPlatforms) = postSolution
		{A5BC013B-263D-40BC-979C-D7454109FCDC}.Debug|Any CPU.ActiveCfg = Debug|Any CPU
		{A5BC013B-263D-40BC-979C-D7454109FCDC}.Debug|Any CPU.Build.0 = Debug|Any CPU
		{A5BC013B-263D-40BC-979C-D7454109FCDC}.Release|Any CPU.ActiveCfg = Release|Any CPU
		{A5BC013B-263D-40BC-979C-D7454109FCDC}.Release|Any CPU.Build.0 = Release|Any CPU
	EndGlobalSection
	GlobalSection(SolutionProperties) = preSolution
		HideSolutionNode = FALSE
	EndGlobalSection
	GlobalSection(ExtensibilityGlobals) = postSolution
		SolutionGuid = {A281847E-A6C8-468C-879A-93462CA3568D}
	EndGlobalSection
EndGlobal
